
Microsoft Visual Studio Solution File, Format Version 12.00
# Visual Studio Version 17
VisualStudioVersion = 17.14.36804.6 d17.14
MinimumVisualStudioVersion = 10.0.40219.1
Project("{FAE04EC0-301F-11D3-BF4B-00C04F79EFBC}") = "lab_8", "lab_8\lab_8.csproj", "{0D266AFB-3ABB-44C8-8B87-25DF86B32951}"
EndProject
Global
	GlobalSection(SolutionConfigurationPlatforms) = preSolution
		Debug|Any CPU = Debug|Any CPU
		Release|Any CPU = Release|Any CPU
	EndGlobalSection
	GlobalSection(ProjectConfigurationPlatforms) = postSolution
		{0D266AFB-3ABB-44C8-8B87-25DF86B32951}.Debug|Any CPU.ActiveCfg = Debug|Any CPU
		{0D266AFB-3ABB-44C8-8B87-25DF86B32951}.Debug|Any CPU.Build.0 = Debug|Any CPU
		{0D266AFB-3ABB-44C8-8B87-25DF86B32951}.Release|Any CPU.ActiveCfg = Release|Any CPU
		{0D266AFB-3ABB-44C8-8B87-25DF86B32951}.Release|Any CPU.Build.0 = Release|Any CPU
	EndGlobalSection
	GlobalSection(SolutionProperties) = preSolution
		HideSolutionNode = FALSE
	EndGlobalSection
	GlobalSection(ExtensibilityGlobals) = postSolution
		SolutionGuid = {70AD411B-C5B4-46D3-AFE5-2AB84A48D1A8}
	EndGlobalSection
EndGlobal
