
Microsoft Visual Studio Solution File, Format Version 12.00
# Visual Studio Version 17
VisualStudioVersion = 17.14.36804.6 d17.14
MinimumVisualStudioVersion = 10.0.40219.1
Project("{FAE04EC0-301F-11D3-BF4B-00C04F79EFBC}") = "task_3.1_rpm", "task_3.1_rpm\task_3.1_rpm.csproj", "{1C8E5513-6D2F-4E83-9D0E-7D8FCC4BBDAE}"
EndProject
Global
	GlobalSection(SolutionConfigurationPlatforms) = preSolution
		Debug|Any CPU = Debug|Any CPU
		Release|Any CPU = Release|Any CPU
	EndGlobalSection
	GlobalSection(ProjectConfigurationPlatforms) = postSolution
		{1C8E5513-6D2F-4E83-9D0E-7D8FCC4BBDAE}.Debug|Any CPU.ActiveCfg = Debug|Any CPU
		{1C8E5513-6D2F-4E83-9D0E-7D8FCC4BBDAE}.Debug|Any CPU.Build.0 = Debug|Any CPU
		{1C8E5513-6D2F-4E83-9D0E-7D8FCC4BBDAE}.Release|Any CPU.ActiveCfg = Release|Any CPU
		{1C8E5513-6D2F-4E83-9D0E-7D8FCC4BBDAE}.Release|Any CPU.Build.0 = Release|Any CPU
	EndGlobalSection
	GlobalSection(SolutionProperties) = preSolution
		HideSolutionNode = FALSE
	EndGlobalSection
	GlobalSection(ExtensibilityGlobals) = postSolution
		SolutionGuid = {38356783-06B6-4FC6-AFF7-02BA75B583A9}
	EndGlobalSection
EndGlobal
