
Microsoft Visual Studio Solution File, Format Version 12.00
# Visual Studio Version 17
VisualStudioVersion = 17.14.36804.6 d17.14
MinimumVisualStudioVersion = 10.0.40219.1
Project("{FAE04EC0-301F-11D3-BF4B-00C04F79EFBC}") = "lab_6_rpm", "lab_6_rpm\lab_6_rpm.csproj", "{5DC646E1-82BF-48F5-AC67-3FFAB1271515}"
EndProject
Global
	GlobalSection(SolutionConfigurationPlatforms) = preSolution
		Debug|Any CPU = Debug|Any CPU
		Release|Any CPU = Release|Any CPU
	EndGlobalSection
	GlobalSection(ProjectConfigurationPlatforms) = postSolution
		{5DC646E1-82BF-48F5-AC67-3FFAB1271515}.Debug|Any CPU.ActiveCfg = Debug|Any CPU
		{5DC646E1-82BF-48F5-AC67-3FFAB1271515}.Debug|Any CPU.Build.0 = Debug|Any CPU
		{5DC646E1-82BF-48F5-AC67-3FFAB1271515}.Release|Any CPU.ActiveCfg = Release|Any CPU
		{5DC646E1-82BF-48F5-AC67-3FFAB1271515}.Release|Any CPU.Build.0 = Release|Any CPU
	EndGlobalSection
	GlobalSection(SolutionProperties) = preSolution
		HideSolutionNode = FALSE
	EndGlobalSection
	GlobalSection(ExtensibilityGlobals) = postSolution
		SolutionGuid = {DBEBE8FE-23BA-49A2-BC46-7290A5C5F909}
	EndGlobalSection
EndGlobal
